
Microsoft Visual Studio Solution File, Format Version 12.00
# Visual Studio 15
VisualStudioVersion = 15.0.26124.0
MinimumVisualStudioVersion = 15.0.26124.0
Project("{FAE04EC0-301F-11D3-BF4B-00C04F79EFBC}") = "SimpleCalculatorEnginte.Test", "CalculatorEngine.Test\SimpleCalculatorEnginte.Test.csproj", "{1C290CDD-2CE1-4A1E-BFF8-BC21DFF84F7B}"
EndProject
Project("{2150E333-8FDC-42A3-9474-1A3956D46DE8}") = "simple", "simple", "{388C2330-8DB3-4C94-BC28-8BCF930E7D5A}"
EndProject
Project("{FAE04EC0-301F-11D3-BF4B-00C04F79EFBC}") = "SimpleCalc", "simple\SimpleCalc\SimpleCalc.csproj", "{B84E7D04-29E9-4518-BAFA-52900CA83F82}"
EndProject
Global
	GlobalSection(SolutionConfigurationPlatforms) = preSolution
		Debug|Any CPU = Debug|Any CPU
		Debug|x64 = Debug|x64
		Debug|x86 = Debug|x86
		Release|Any CPU = Release|Any CPU
		Release|x64 = Release|x64
		Release|x86 = Release|x86
	EndGlobalSection
	GlobalSection(SolutionProperties) = preSolution
		HideSolutionNode = FALSE
	EndGlobalSection
	GlobalSection(ProjectConfigurationPlatforms) = postSolution
		{1C290CDD-2CE1-4A1E-BFF8-BC21DFF84F7B}.Debug|Any CPU.ActiveCfg = Debug|Any CPU
		{1C290CDD-2CE1-4A1E-BFF8-BC21DFF84F7B}.Debug|Any CPU.Build.0 = Debug|Any CPU
		{1C290CDD-2CE1-4A1E-BFF8-BC21DFF84F7B}.Debug|x64.ActiveCfg = Debug|Any CPU
		{1C290CDD-2CE1-4A1E-BFF8-BC21DFF84F7B}.Debug|x64.Build.0 = Debug|Any CPU
		{1C290CDD-2CE1-4A1E-BFF8-BC21DFF84F7B}.Debug|x86.ActiveCfg = Debug|Any CPU
		{1C290CDD-2CE1-4A1E-BFF8-BC21DFF84F7B}.Debug|x86.Build.0 = Debug|Any CPU
		{1C290CDD-2CE1-4A1E-BFF8-BC21DFF84F7B}.Release|Any CPU.ActiveCfg = Release|Any CPU
		{1C290CDD-2CE1-4A1E-BFF8-BC21DFF84F7B}.Release|Any CPU.Build.0 = Release|Any CPU
		{1C290CDD-2CE1-4A1E-BFF8-BC21DFF84F7B}.Release|x64.ActiveCfg = Release|Any CPU
		{1C290CDD-2CE1-4A1E-BFF8-BC21DFF84F7B}.Release|x64.Build.0 = Release|Any CPU
		{1C290CDD-2CE1-4A1E-BFF8-BC21DFF84F7B}.Release|x86.ActiveCfg = Release|Any CPU
		{1C290CDD-2CE1-4A1E-BFF8-BC21DFF84F7B}.Release|x86.Build.0 = Release|Any CPU
		{B84E7D04-29E9-4518-BAFA-52900CA83F82}.Debug|Any CPU.ActiveCfg = Debug|Any CPU
		{B84E7D04-29E9-4518-BAFA-52900CA83F82}.Debug|Any CPU.Build.0 = Debug|Any CPU
		{B84E7D04-29E9-4518-BAFA-52900CA83F82}.Debug|x64.ActiveCfg = Debug|Any CPU
		{B84E7D04-29E9-4518-BAFA-52900CA83F82}.Debug|x64.Build.0 = Debug|Any CPU
		{B84E7D04-29E9-4518-BAFA-52900CA83F82}.Debug|x86.ActiveCfg = Debug|Any CPU
		{B84E7D04-29E9-4518-BAFA-52900CA83F82}.Debug|x86.Build.0 = Debug|Any CPU
		{B84E7D04-29E9-4518-BAFA-52900CA83F82}.Release|Any CPU.ActiveCfg = Release|Any CPU
		{B84E7D04-29E9-4518-BAFA-52900CA83F82}.Release|Any CPU.Build.0 = Release|Any CPU
		{B84E7D04-29E9-4518-BAFA-52900CA83F82}.Release|x64.ActiveCfg = Release|Any CPU
		{B84E7D04-29E9-4518-BAFA-52900CA83F82}.Release|x64.Build.0 = Release|Any CPU
		{B84E7D04-29E9-4518-BAFA-52900CA83F82}.Release|x86.ActiveCfg = Release|Any CPU
		{B84E7D04-29E9-4518-BAFA-52900CA83F82}.Release|x86.Build.0 = Release|Any CPU
	EndGlobalSection
	GlobalSection(NestedProjects) = preSolution
		{B84E7D04-29E9-4518-BAFA-52900CA83F82} = {388C2330-8DB3-4C94-BC28-8BCF930E7D5A}
	EndGlobalSection
EndGlobal
